
Microsoft Visual Studio Solution File, Format Version 12.00
# Visual Studio Version 17
VisualStudioVersion = 17.0.31903.59
MinimumVisualStudioVersion = 10.0.40219.1
Project("{FAE04EC0-301F-11D3-BF4B-00C04F79EFBC}") = "API", "API\API.csproj", "{9045D968-7897-4ED1-B433-700133A89B29}"
EndProject
Project("{FAE04EC0-301F-11D3-BF4B-00C04F79EFBC}") = "Application", "Application\Application.csproj", "{A672394B-ABE8-4255-978C-26ED1D111E20}"
EndProject
Project("{FAE04EC0-301F-11D3-BF4B-00C04F79EFBC}") = "Domain", "Domain\Domain.csproj", "{FB2DF32E-3440-4387-B02C-C47DF0A58339}"
EndProject
Project("{FAE04EC0-301F-11D3-BF4B-00C04F79EFBC}") = "Persistence", "Persistence\Persistence.csproj", "{44F7CAC8-9745-46CB-B0E4-58778FE94D36}"
EndProject
Global
	GlobalSection(SolutionConfigurationPlatforms) = preSolution
		Debug|Any CPU = Debug|Any CPU
		Debug|x64 = Debug|x64
		Debug|x86 = Debug|x86
		Release|Any CPU = Release|Any CPU
		Release|x64 = Release|x64
		Release|x86 = Release|x86
	EndGlobalSection
	GlobalSection(ProjectConfigurationPlatforms) = postSolution
		{9045D968-7897-4ED1-B433-700133A89B29}.Debug|Any CPU.ActiveCfg = Debug|Any CPU
		{9045D968-7897-4ED1-B433-700133A89B29}.Debug|Any CPU.Build.0 = Debug|Any CPU
		{9045D968-7897-4ED1-B433-700133A89B29}.Debug|x64.ActiveCfg = Debug|Any CPU
		{9045D968-7897-4ED1-B433-700133A89B29}.Debug|x64.Build.0 = Debug|Any CPU
		{9045D968-7897-4ED1-B433-700133A89B29}.Debug|x86.ActiveCfg = Debug|Any CPU
		{9045D968-7897-4ED1-B433-700133A89B29}.Debug|x86.Build.0 = Debug|Any CPU
		{9045D968-7897-4ED1-B433-700133A89B29}.Release|Any CPU.ActiveCfg = Release|Any CPU
		{9045D968-7897-4ED1-B433-700133A89B29}.Release|Any CPU.Build.0 = Release|Any CPU
		{9045D968-7897-4ED1-B433-700133A89B29}.Release|x64.ActiveCfg = Release|Any CPU
		{9045D968-7897-4ED1-B433-700133A89B29}.Release|x64.Build.0 = Release|Any CPU
		{9045D968-7897-4ED1-B433-700133A89B29}.Release|x86.ActiveCfg = Release|Any CPU
		{9045D968-7897-4ED1-B433-700133A89B29}.Release|x86.Build.0 = Release|Any CPU
		{A672394B-ABE8-4255-978C-26ED1D111E20}.Debug|Any CPU.ActiveCfg = Debug|Any CPU
		{A672394B-ABE8-4255-978C-26ED1D111E20}.Debug|Any CPU.Build.0 = Debug|Any CPU
		{A672394B-ABE8-4255-978C-26ED1D111E20}.Debug|x64.ActiveCfg = Debug|Any CPU
		{A672394B-ABE8-4255-978C-26ED1D111E20}.Debug|x64.Build.0 = Debug|Any CPU
		{A672394B-ABE8-4255-978C-26ED1D111E20}.Debug|x86.ActiveCfg = Debug|Any CPU
		{A672394B-ABE8-4255-978C-26ED1D111E20}.Debug|x86.Build.0 = Debug|Any CPU
		{A672394B-ABE8-4255-978C-26ED1D111E20}.Release|Any CPU.ActiveCfg = Release|Any CPU
		{A672394B-ABE8-4255-978C-26ED1D111E20}.Release|Any CPU.Build.0 = Release|Any CPU
		{A672394B-ABE8-4255-978C-26ED1D111E20}.Release|x64.ActiveCfg = Release|Any CPU
		{A672394B-ABE8-4255-978C-26ED1D111E20}.Release|x64.Build.0 = Release|Any CPU
		{A672394B-ABE8-4255-978C-26ED1D111E20}.Release|x86.ActiveCfg = Release|Any CPU
		{A672394B-ABE8-4255-978C-26ED1D111E20}.Release|x86.Build.0 = Release|Any CPU
		{FB2DF32E-3440-4387-B02C-C47DF0A58339}.Debug|Any CPU.ActiveCfg = Debug|Any CPU
		{FB2DF32E-3440-4387-B02C-C47DF0A58339}.Debug|Any CPU.Build.0 = Debug|Any CPU
		{FB2DF32E-3440-4387-B02C-C47DF0A58339}.Debug|x64.ActiveCfg = Debug|Any CPU
		{FB2DF32E-3440-4387-B02C-C47DF0A58339}.Debug|x64.Build.0 = Debug|Any CPU
		{FB2DF32E-3440-4387-B02C-C47DF0A58339}.Debug|x86.ActiveCfg = Debug|Any CPU
		{FB2DF32E-3440-4387-B02C-C47DF0A58339}.Debug|x86.Build.0 = Debug|Any CPU
		{FB2DF32E-3440-4387-B02C-C47DF0A58339}.Release|Any CPU.ActiveCfg = Release|Any CPU
		{FB2DF32E-3440-4387-B02C-C47DF0A58339}.Release|Any CPU.Build.0 = Release|Any CPU
		{FB2DF32E-3440-4387-B02C-C47DF0A58339}.Release|x64.ActiveCfg = Release|Any CPU
		{FB2DF32E-3440-4387-B02C-C47DF0A58339}.Release|x64.Build.0 = Release|Any CPU
		{FB2DF32E-3440-4387-B02C-C47DF0A58339}.Release|x86.ActiveCfg = Release|Any CPU
		{FB2DF32E-3440-4387-B02C-C47DF0A58339}.Release|x86.Build.0 = Release|Any CPU
		{44F7CAC8-9745-46CB-B0E4-58778FE94D36}.Debug|Any CPU.ActiveCfg = Debug|Any CPU
		{44F7CAC8-9745-46CB-B0E4-58778FE94D36}.Debug|Any CPU.Build.0 = Debug|Any CPU
		{44F7CAC8-9745-46CB-B0E4-58778FE94D36}.Debug|x64.ActiveCfg = Debug|Any CPU
		{44F7CAC8-9745-46CB-B0E4-58778FE94D36}.Debug|x64.Build.0 = Debug|Any CPU
		{44F7CAC8-9745-46CB-B0E4-58778FE94D36}.Debug|x86.ActiveCfg = Debug|Any CPU
		{44F7CAC8-9745-46CB-B0E4-58778FE94D36}.Debug|x86.Build.0 = Debug|Any CPU
		{44F7CAC8-9745-46CB-B0E4-58778FE94D36}.Release|Any CPU.ActiveCfg = Release|Any CPU
		{44F7CAC8-9745-46CB-B0E4-58778FE94D36}.Release|Any CPU.Build.0 = Release|Any CPU
		{44F7CAC8-9745-46CB-B0E4-58778FE94D36}.Release|x64.ActiveCfg = Release|Any CPU
		{44F7CAC8-9745-46CB-B0E4-58778FE94D36}.Release|x64.Build.0 = Release|Any CPU
		{44F7CAC8-9745-46CB-B0E4-58778FE94D36}.Release|x86.ActiveCfg = Release|Any CPU
		{44F7CAC8-9745-46CB-B0E4-58778FE94D36}.Release|x86.Build.0 = Release|Any CPU
	EndGlobalSection
	GlobalSection(SolutionProperties) = preSolution
		HideSolutionNode = FALSE
	EndGlobalSection
EndGlobal
